// !$*UTF8*$!
{
	archiveVersion = 1;
	classes = {
	};
	objectVersion = 46;
	objects = {

/* Begin PBXBuildFile section */
		5009BADCBBAB0856D7B1708E /* Pods_ZZKG.framework in Frameworks */ = {isa = PBXBuildFile; fileRef = 32D1926E2341E6BE373FC497 /* Pods_ZZKG.framework */; };
		9758D4031EE7A516006E5AE8 /* KGLocalMusicController.swift in Sources */ = {isa = PBXBuildFile; fileRef = 9758D4021EE7A516006E5AE8 /* KGLocalMusicController.swift */; };
		9758D4051EE7A53C006E5AE8 /* KGMusicListController.swift in Sources */ = {isa = PBXBuildFile; fileRef = 9758D4041EE7A53C006E5AE8 /* KGMusicListController.swift */; };
		9767F6FB1EE5433D00BC0C28 /* AppDelegate.swift in Sources */ = {isa = PBXBuildFile; fileRef = 9767F6F21EE5433D00BC0C28 /* AppDelegate.swift */; };
		9767F7011EE543A700BC0C28 /* Assets.xcassets in Resources */ = {isa = PBXBuildFile; fileRef = 9767F6FD1EE543A700BC0C28 /* Assets.xcassets */; };
		9767F70F1EE55A4500BC0C28 /* KGLikeController.swift in Sources */ = {isa = PBXBuildFile; fileRef = 9767F70E1EE55A4500BC0C28 /* KGLikeController.swift */; };
		9767F7111EE55A6100BC0C28 /* KGDownloadController.swift in Sources */ = {isa = PBXBuildFile; fileRef = 9767F7101EE55A6100BC0C28 /* KGDownloadController.swift */; };
		9767F7131EE55A7300BC0C28 /* KGRecentController.swift in Sources */ = {isa = PBXBuildFile; fileRef = 9767F7121EE55A7300BC0C28 /* KGRecentController.swift */; };
		9767F7191EE55ADC00BC0C28 /* KGLookController.swift in Sources */ = {isa = PBXBuildFile; fileRef = 9767F7181EE55ADC00BC0C28 /* KGLookController.swift */; };
		9767F71B1EE55AEB00BC0C28 /* KGSingController.swift in Sources */ = {isa = PBXBuildFile; fileRef = 9767F71A1EE55AEB00BC0C28 /* KGSingController.swift */; };
		9767F7431EE5606E00BC0C28 /* ZZCollection.swift in Sources */ = {isa = PBXBuildFile; fileRef = 9767F71D1EE5606E00BC0C28 /* ZZCollection.swift */; };
		9767F7441EE5606E00BC0C28 /* ZZButton.swift in Sources */ = {isa = PBXBuildFile; fileRef = 9767F71F1EE5606E00BC0C28 /* ZZButton.swift */; };
		9767F7451EE5606E00BC0C28 /* ZZCircleProgressView.swift in Sources */ = {isa = PBXBuildFile; fileRef = 9767F7201EE5606E00BC0C28 /* ZZCircleProgressView.swift */; };
		9767F7461EE5606E00BC0C28 /* ZZProgressHud.swift in Sources */ = {isa = PBXBuildFile; fileRef = 9767F7211EE5606E00BC0C28 /* ZZProgressHud.swift */; };
		9767F7471EE5606E00BC0C28 /* UIScrollView+ZZRefresh.swift in Sources */ = {isa = PBXBuildFile; fileRef = 9767F7231EE5606E00BC0C28 /* UIScrollView+ZZRefresh.swift */; };
		9767F7481EE5606E00BC0C28 /* ZZRefresh.swift in Sources */ = {isa = PBXBuildFile; fileRef = 9767F7241EE5606E00BC0C28 /* ZZRefresh.swift */; };
		9767F7491EE5606E00BC0C28 /* ZZRefreshFooter.swift in Sources */ = {isa = PBXBuildFile; fileRef = 9767F7251EE5606E00BC0C28 /* ZZRefreshFooter.swift */; };
		9767F74A1EE5606E00BC0C28 /* ZZRefreshHeader.swift in Sources */ = {isa = PBXBuildFile; fileRef = 9767F7261EE5606E00BC0C28 /* ZZRefreshHeader.swift */; };
		9767F74B1EE5606E00BC0C28 /* ZZRefreshView.swift in Sources */ = {isa = PBXBuildFile; fileRef = 9767F7271EE5606E00BC0C28 /* ZZRefreshView.swift */; };
		9767F74C1EE5606E00BC0C28 /* Calendar+ZZExtension.swift in Sources */ = {isa = PBXBuildFile; fileRef = 9767F72A1EE5606E00BC0C28 /* Calendar+ZZExtension.swift */; };
		9767F74D1EE5606E00BC0C28 /* CGRect+ZZExtension.swift in Sources */ = {isa = PBXBuildFile; fileRef = 9767F72B1EE5606E00BC0C28 /* CGRect+ZZExtension.swift */; };
		9767F74E1EE5606E00BC0C28 /* Data+ZZExtension.swift in Sources */ = {isa = PBXBuildFile; fileRef = 9767F72C1EE5606E00BC0C28 /* Data+ZZExtension.swift */; };
		9767F74F1EE5606E00BC0C28 /* Date+ZZExtension.swift in Sources */ = {isa = PBXBuildFile; fileRef = 9767F72D1EE5606E00BC0C28 /* Date+ZZExtension.swift */; };
		9767F7501EE5606E00BC0C28 /* DateFormatter+ZZExtension.swift in Sources */ = {isa = PBXBuildFile; fileRef = 9767F72E1EE5606E00BC0C28 /* DateFormatter+ZZExtension.swift */; };
		9767F7511EE5606E00BC0C28 /* DispatchQueue+ZZExtension.swift in Sources */ = {isa = PBXBuildFile; fileRef = 9767F72F1EE5606E00BC0C28 /* DispatchQueue+ZZExtension.swift */; };
		9767F7521EE5606E00BC0C28 /* Locale+ZZExtension.swift in Sources */ = {isa = PBXBuildFile; fileRef = 9767F7301EE5606E00BC0C28 /* Locale+ZZExtension.swift */; };
		9767F7531EE5606E00BC0C28 /* NSObject+ZZExtension.swift in Sources */ = {isa = PBXBuildFile; fileRef = 9767F7311EE5606E00BC0C28 /* NSObject+ZZExtension.swift */; };
		9767F7541EE5606E00BC0C28 /* String+ZZExtension.swift in Sources */ = {isa = PBXBuildFile; fileRef = 9767F7321EE5606E00BC0C28 /* String+ZZExtension.swift */; };
		9767F7551EE5606E00BC0C28 /* UIAlertController+ZZExtension.swift in Sources */ = {isa = PBXBuildFile; fileRef = 9767F7341EE5606E00BC0C28 /* UIAlertController+ZZExtension.swift */; };
		9767F7561EE5606E00BC0C28 /* UIApplication+ZZExtension.swift in Sources */ = {isa = PBXBuildFile; fileRef = 9767F7351EE5606E00BC0C28 /* UIApplication+ZZExtension.swift */; };
		9767F7571EE5606E00BC0C28 /* UIButton+ZZExtension.swift in Sources */ = {isa = PBXBuildFile; fileRef = 9767F7361EE5606E00BC0C28 /* UIButton+ZZExtension.swift */; };
		9767F7581EE5606E00BC0C28 /* UIColor+ZZExtension.swift in Sources */ = {isa = PBXBuildFile; fileRef = 9767F7371EE5606E00BC0C28 /* UIColor+ZZExtension.swift */; };
		9767F7591EE5606E00BC0C28 /* UIDevice+ZZExtension.swift in Sources */ = {isa = PBXBuildFile; fileRef = 9767F7381EE5606E00BC0C28 /* UIDevice+ZZExtension.swift */; };
		9767F75A1EE5606E00BC0C28 /* UIFont+ZZExtension.swift in Sources */ = {isa = PBXBuildFile; fileRef = 9767F7391EE5606E00BC0C28 /* UIFont+ZZExtension.swift */; };
		9767F75B1EE5606E00BC0C28 /* UIImage+ZZExtension.swift in Sources */ = {isa = PBXBuildFile; fileRef = 9767F73A1EE5606E00BC0C28 /* UIImage+ZZExtension.swift */; };
		9767F75C1EE5606E00BC0C28 /* UIImageView+ZZExtension.swift in Sources */ = {isa = PBXBuildFile; fileRef = 9767F73B1EE5606E00BC0C28 /* UIImageView+ZZExtension.swift */; };
		9767F75D1EE5606E00BC0C28 /* UILabel+ZZExtension.swift in Sources */ = {isa = PBXBuildFile; fileRef = 9767F73C1EE5606E00BC0C28 /* UILabel+ZZExtension.swift */; };
		9767F75E1EE5606E00BC0C28 /* UISceen+ZZExtension.swift in Sources */ = {isa = PBXBuildFile; fileRef = 9767F73D1EE5606E00BC0C28 /* UISceen+ZZExtension.swift */; };
		9767F75F1EE5606E00BC0C28 /* UIScrollView+ZZExtension.swift in Sources */ = {isa = PBXBuildFile; fileRef = 9767F73E1EE5606E00BC0C28 /* UIScrollView+ZZExtension.swift */; };
		9767F7601EE5606E00BC0C28 /* UITableView+ZZExtension.swift in Sources */ = {isa = PBXBuildFile; fileRef = 9767F73F1EE5606E00BC0C28 /* UITableView+ZZExtension.swift */; };
		9767F7611EE5606E00BC0C28 /* UITextField+ZZExtension.swift in Sources */ = {isa = PBXBuildFile; fileRef = 9767F7401EE5606E00BC0C28 /* UITextField+ZZExtension.swift */; };
		9767F7621EE5606E00BC0C28 /* UIView+ZZExtension.swift in Sources */ = {isa = PBXBuildFile; fileRef = 9767F7411EE5606E00BC0C28 /* UIView+ZZExtension.swift */; };
		9767F7631EE5606E00BC0C28 /* ZZLib.swift in Sources */ = {isa = PBXBuildFile; fileRef = 9767F7421EE5606E00BC0C28 /* ZZLib.swift */; };
		9767F7651EE560C600BC0C28 /* KGListenController.swift in Sources */ = {isa = PBXBuildFile; fileRef = 9767F7641EE560C600BC0C28 /* KGListenController.swift */; };
		9767F7671EE6485700BC0C28 /* KGCommon.swift in Sources */ = {isa = PBXBuildFile; fileRef = 9767F7661EE6485700BC0C28 /* KGCommon.swift */; };
		9767F78A1EE65F1C00BC0C28 /* Constraint.swift in Sources */ = {isa = PBXBuildFile; fileRef = 9767F7691EE65F1C00BC0C28 /* Constraint.swift */; };
		9767F78B1EE65F1C00BC0C28 /* ConstraintAttributes.swift in Sources */ = {isa = PBXBuildFile; fileRef = 9767F76A1EE65F1C00BC0C28 /* ConstraintAttributes.swift */; };
		9767F78C1EE65F1C00BC0C28 /* ConstraintConfig.swift in Sources */ = {isa = PBXBuildFile; fileRef = 9767F76B1EE65F1C00BC0C28 /* ConstraintConfig.swift */; };
		9767F78D1EE65F1C00BC0C28 /* ConstraintConstantTarget.swift in Sources */ = {isa = PBXBuildFile; fileRef = 9767F76C1EE65F1C00BC0C28 /* ConstraintConstantTarget.swift */; };
		9767F78E1EE65F1C00BC0C28 /* ConstraintDescription.swift in Sources */ = {isa = PBXBuildFile; fileRef = 9767F76D1EE65F1C00BC0C28 /* ConstraintDescription.swift */; };
		9767F78F1EE65F1C00BC0C28 /* ConstraintDSL.swift in Sources */ = {isa = PBXBuildFile; fileRef = 9767F76E1EE65F1C00BC0C28 /* ConstraintDSL.swift */; };
		9767F7901EE65F1C00BC0C28 /* ConstraintInsets.swift in Sources */ = {isa = PBXBuildFile; fileRef = 9767F76F1EE65F1C00BC0C28 /* ConstraintInsets.swift */; };
		9767F7911EE65F1C00BC0C28 /* ConstraintInsetTarget.swift in Sources */ = {isa = PBXBuildFile; fileRef = 9767F7701EE65F1C00BC0C28 /* ConstraintInsetTarget.swift */; };
		9767F7921EE65F1C00BC0C28 /* ConstraintItem.swift in Sources */ = {isa = PBXBuildFile; fileRef = 9767F7711EE65F1C00BC0C28 /* ConstraintItem.swift */; };
		9767F7931EE65F1C00BC0C28 /* ConstraintLayoutGuide+Extensions.swift in Sources */ = {isa = PBXBuildFile; fileRef = 9767F7721EE65F1C00BC0C28 /* ConstraintLayoutGuide+Extensions.swift */; };
		9767F7941EE65F1C00BC0C28 /* ConstraintLayoutGuide.swift in Sources */ = {isa = PBXBuildFile; fileRef = 9767F7731EE65F1C00BC0C28 /* ConstraintLayoutGuide.swift */; };
		9767F7951EE65F1C00BC0C28 /* ConstraintLayoutGuideDSL.swift in Sources */ = {isa = PBXBuildFile; fileRef = 9767F7741EE65F1C00BC0C28 /* ConstraintLayoutGuideDSL.swift */; };
		9767F7961EE65F1C00BC0C28 /* ConstraintLayoutSupport.swift in Sources */ = {isa = PBXBuildFile; fileRef = 9767F7751EE65F1C00BC0C28 /* ConstraintLayoutSupport.swift */; };
		9767F7971EE65F1C00BC0C28 /* ConstraintLayoutSupportDSL.swift in Sources */ = {isa = PBXBuildFile; fileRef = 9767F7761EE65F1C00BC0C28 /* ConstraintLayoutSupportDSL.swift */; };
		9767F7981EE65F1C00BC0C28 /* ConstraintMaker.swift in Sources */ = {isa = PBXBuildFile; fileRef = 9767F7771EE65F1C00BC0C28 /* ConstraintMaker.swift */; };
		9767F7991EE65F1C00BC0C28 /* ConstraintMakerEditable.swift in Sources */ = {isa = PBXBuildFile; fileRef = 9767F7781EE65F1C00BC0C28 /* ConstraintMakerEditable.swift */; };
		9767F79A1EE65F1C00BC0C28 /* ConstraintMakerExtendable.swift in Sources */ = {isa = PBXBuildFile; fileRef = 9767F7791EE65F1C00BC0C28 /* ConstraintMakerExtendable.swift */; };
		9767F79B1EE65F1C00BC0C28 /* ConstraintMakerFinalizable.swift in Sources */ = {isa = PBXBuildFile; fileRef = 9767F77A1EE65F1C00BC0C28 /* ConstraintMakerFinalizable.swift */; };
		9767F79C1EE65F1C00BC0C28 /* ConstraintMakerPriortizable.swift in Sources */ = {isa = PBXBuildFile; fileRef = 9767F77B1EE65F1C00BC0C28 /* ConstraintMakerPriortizable.swift */; };
		9767F79D1EE65F1C00BC0C28 /* ConstraintMakerRelatable.swift in Sources */ = {isa = PBXBuildFile; fileRef = 9767F77C1EE65F1C00BC0C28 /* ConstraintMakerRelatable.swift */; };
		9767F79E1EE65F1C00BC0C28 /* ConstraintMultiplierTarget.swift in Sources */ = {isa = PBXBuildFile; fileRef = 9767F77D1EE65F1C00BC0C28 /* ConstraintMultiplierTarget.swift */; };
		9767F79F1EE65F1C00BC0C28 /* ConstraintOffsetTarget.swift in Sources */ = {isa = PBXBuildFile; fileRef = 9767F77E1EE65F1C00BC0C28 /* ConstraintOffsetTarget.swift */; };
		9767F7A01EE65F1C00BC0C28 /* ConstraintPriority.swift in Sources */ = {isa = PBXBuildFile; fileRef = 9767F77F1EE65F1C00BC0C28 /* ConstraintPriority.swift */; };
		9767F7A11EE65F1C00BC0C28 /* ConstraintPriorityTarget.swift in Sources */ = {isa = PBXBuildFile; fileRef = 9767F7801EE65F1C00BC0C28 /* ConstraintPriorityTarget.swift */; };
		9767F7A21EE65F1C00BC0C28 /* ConstraintRelatableTarget.swift in Sources */ = {isa = PBXBuildFile; fileRef = 9767F7811EE65F1C00BC0C28 /* ConstraintRelatableTarget.swift */; };
		9767F7A31EE65F1C00BC0C28 /* ConstraintRelation.swift in Sources */ = {isa = PBXBuildFile; fileRef = 9767F7821EE65F1C00BC0C28 /* ConstraintRelation.swift */; };
		9767F7A41EE65F1C00BC0C28 /* ConstraintView+Extensions.swift in Sources */ = {isa = PBXBuildFile; fileRef = 9767F7831EE65F1C00BC0C28 /* ConstraintView+Extensions.swift */; };
		9767F7A51EE65F1C00BC0C28 /* ConstraintView.swift in Sources */ = {isa = PBXBuildFile; fileRef = 9767F7841EE65F1C00BC0C28 /* ConstraintView.swift */; };
		9767F7A61EE65F1C00BC0C28 /* ConstraintViewDSL.swift in Sources */ = {isa = PBXBuildFile; fileRef = 9767F7851EE65F1C00BC0C28 /* ConstraintViewDSL.swift */; };
		9767F7A71EE65F1C00BC0C28 /* Debugging.swift in Sources */ = {isa = PBXBuildFile; fileRef = 9767F7861EE65F1C00BC0C28 /* Debugging.swift */; };
		9767F7A81EE65F1C00BC0C28 /* LayoutConstraint.swift in Sources */ = {isa = PBXBuildFile; fileRef = 9767F7871EE65F1C00BC0C28 /* LayoutConstraint.swift */; };
		9767F7A91EE65F1C00BC0C28 /* LayoutConstraintItem.swift in Sources */ = {isa = PBXBuildFile; fileRef = 9767F7881EE65F1C00BC0C28 /* LayoutConstraintItem.swift */; };
		9767F7AA1EE65F1C00BC0C28 /* UILayoutSupport+Extensions.swift in Sources */ = {isa = PBXBuildFile; fileRef = 9767F7891EE65F1C00BC0C28 /* UILayoutSupport+Extensions.swift */; };
		9767F7B11EE660D000BC0C28 /* KGContainerController.swift in Sources */ = {isa = PBXBuildFile; fileRef = 9767F7AC1EE660D000BC0C28 /* KGContainerController.swift */; };
		9767F7B21EE660D000BC0C28 /* KGMainController.swift in Sources */ = {isa = PBXBuildFile; fileRef = 9767F7AD1EE660D000BC0C28 /* KGMainController.swift */; };
		9767F7B31EE660D000BC0C28 /* KGNavigationController.swift in Sources */ = {isa = PBXBuildFile; fileRef = 9767F7AE1EE660D000BC0C28 /* KGNavigationController.swift */; };
		9767F7B41EE660D000BC0C28 /* KGViewController.swift in Sources */ = {isa = PBXBuildFile; fileRef = 9767F7AF1EE660D000BC0C28 /* KGViewController.swift */; };
		9767F7B61EE660FD00BC0C28 /* KGLightingTabView.swift in Sources */ = {isa = PBXBuildFile; fileRef = 9767F7B51EE660FD00BC0C28 /* KGLightingTabView.swift */; };
/* End PBXBuildFile section */

/* Begin PBXFileReference section */
		1301D3B9DE8BBEAE6C2F9549 /* Pods-ZZKG.debug.xcconfig */ = {isa = PBXFileReference; includeInIndex = 1; lastKnownFileType = text.xcconfig; name = "Pods-ZZKG.debug.xcconfig"; path = "Pods/Target Support Files/Pods-ZZKG/Pods-ZZKG.debug.xcconfig"; sourceTree = "<group>"; };
		32D1926E2341E6BE373FC497 /* Pods_ZZKG.framework */ = {isa = PBXFileReference; explicitFileType = wrapper.framework; includeInIndex = 0; path = Pods_ZZKG.framework; sourceTree = BUILT_PRODUCTS_DIR; };
		9758D4021EE7A516006E5AE8 /* KGLocalMusicController.swift */ = {isa = PBXFileReference; fileEncoding = 4; lastKnownFileType = sourcecode.swift; path = KGLocalMusicController.swift; sourceTree = "<group>"; };
		9758D4041EE7A53C006E5AE8 /* KGMusicListController.swift */ = {isa = PBXFileReference; fileEncoding = 4; lastKnownFileType = sourcecode.swift; path = KGMusicListController.swift; sourceTree = "<group>"; };
		9767F6DC1EE5414A00BC0C28 /* ZZKG.app */ = {isa = PBXFileReference; explicitFileType = wrapper.application; includeInIndex = 0; path = ZZKG.app; sourceTree = BUILT_PRODUCTS_DIR; };
		9767F6F21EE5433D00BC0C28 /* AppDelegate.swift */ = {isa = PBXFileReference; fileEncoding = 4; lastKnownFileType = sourcecode.swift; path = AppDelegate.swift; sourceTree = "<group>"; };
		9767F6FD1EE543A700BC0C28 /* Assets.xcassets */ = {isa = PBXFileReference; lastKnownFileType = folder.assetcatalog; path = Assets.xcassets; sourceTree = "<group>"; };
		9767F7001EE543A700BC0C28 /* Info.plist */ = {isa = PBXFileReference; fileEncoding = 4; lastKnownFileType = text.plist.xml; path = Info.plist; sourceTree = "<group>"; };
		9767F70E1EE55A4500BC0C28 /* KGLikeController.swift */ = {isa = PBXFileReference; fileEncoding = 4; lastKnownFileType = sourcecode.swift; path = KGLikeController.swift; sourceTree = "<group>"; };
		9767F7101EE55A6100BC0C28 /* KGDownloadController.swift */ = {isa = PBXFileReference; fileEncoding = 4; lastKnownFileType = sourcecode.swift; path = KGDownloadController.swift; sourceTree = "<group>"; };
		9767F7121EE55A7300BC0C28 /* KGRecentController.swift */ = {isa = PBXFileReference; fileEncoding = 4; lastKnownFileType = sourcecode.swift; path = KGRecentController.swift; sourceTree = "<group>"; };
		9767F7181EE55ADC00BC0C28 /* KGLookController.swift */ = {isa = PBXFileReference; fileEncoding = 4; lastKnownFileType = sourcecode.swift; path = KGLookController.swift; sourceTree = "<group>"; };
		9767F71A1EE55AEB00BC0C28 /* KGSingController.swift */ = {isa = PBXFileReference; fileEncoding = 4; lastKnownFileType = sourcecode.swift; path = KGSingController.swift; sourceTree = "<group>"; };
		9767F71D1EE5606E00BC0C28 /* ZZCollection.swift */ = {isa = PBXFileReference; fileEncoding = 4; lastKnownFileType = sourcecode.swift; path = ZZCollection.swift; sourceTree = "<group>"; };
		9767F71F1EE5606E00BC0C28 /* ZZButton.swift */ = {isa = PBXFileReference; fileEncoding = 4; lastKnownFileType = sourcecode.swift; path = ZZButton.swift; sourceTree = "<group>"; };
		9767F7201EE5606E00BC0C28 /* ZZCircleProgressView.swift */ = {isa = PBXFileReference; fileEncoding = 4; lastKnownFileType = sourcecode.swift; path = ZZCircleProgressView.swift; sourceTree = "<group>"; };
		9767F7211EE5606E00BC0C28 /* ZZProgressHud.swift */ = {isa = PBXFileReference; fileEncoding = 4; lastKnownFileType = sourcecode.swift; path = ZZProgressHud.swift; sourceTree = "<group>"; };
		9767F7231EE5606E00BC0C28 /* UIScrollView+ZZRefresh.swift */ = {isa = PBXFileReference; fileEncoding = 4; lastKnownFileType = sourcecode.swift; path = "UIScrollView+ZZRefresh.swift"; sourceTree = "<group>"; };
		9767F7241EE5606E00BC0C28 /* ZZRefresh.swift */ = {isa = PBXFileReference; fileEncoding = 4; lastKnownFileType = sourcecode.swift; path = ZZRefresh.swift; sourceTree = "<group>"; };
		9767F7251EE5606E00BC0C28 /* ZZRefreshFooter.swift */ = {isa = PBXFileReference; fileEncoding = 4; lastKnownFileType = sourcecode.swift; path = ZZRefreshFooter.swift; sourceTree = "<group>"; };
		9767F7261EE5606E00BC0C28 /* ZZRefreshHeader.swift */ = {isa = PBXFileReference; fileEncoding = 4; lastKnownFileType = sourcecode.swift; path = ZZRefreshHeader.swift; sourceTree = "<group>"; };
		9767F7271EE5606E00BC0C28 /* ZZRefreshView.swift */ = {isa = PBXFileReference; fileEncoding = 4; lastKnownFileType = sourcecode.swift; path = ZZRefreshView.swift; sourceTree = "<group>"; };
		9767F72A1EE5606E00BC0C28 /* Calendar+ZZExtension.swift */ = {isa = PBXFileReference; fileEncoding = 4; lastKnownFileType = sourcecode.swift; path = "Calendar+ZZExtension.swift"; sourceTree = "<group>"; };
		9767F72B1EE5606E00BC0C28 /* CGRect+ZZExtension.swift */ = {isa = PBXFileReference; fileEncoding = 4; lastKnownFileType = sourcecode.swift; path = "CGRect+ZZExtension.swift"; sourceTree = "<group>"; };
		9767F72C1EE5606E00BC0C28 /* Data+ZZExtension.swift */ = {isa = PBXFileReference; fileEncoding = 4; lastKnownFileType = sourcecode.swift; path = "Data+ZZExtension.swift"; sourceTree = "<group>"; };
		9767F72D1EE5606E00BC0C28 /* Date+ZZExtension.swift */ = {isa = PBXFileReference; fileEncoding = 4; lastKnownFileType = sourcecode.swift; path = "Date+ZZExtension.swift"; sourceTree = "<group>"; };
		9767F72E1EE5606E00BC0C28 /* DateFormatter+ZZExtension.swift */ = {isa = PBXFileReference; fileEncoding = 4; lastKnownFileType = sourcecode.swift; path = "DateFormatter+ZZExtension.swift"; sourceTree = "<group>"; };
		9767F72F1EE5606E00BC0C28 /* DispatchQueue+ZZExtension.swift */ = {isa = PBXFileReference; fileEncoding = 4; lastKnownFileType = sourcecode.swift; path = "DispatchQueue+ZZExtension.swift"; sourceTree = "<group>"; };
		9767F7301EE5606E00BC0C28 /* Locale+ZZExtension.swift */ = {isa = PBXFileReference; fileEncoding = 4; lastKnownFileType = sourcecode.swift; path = "Locale+ZZExtension.swift"; sourceTree = "<group>"; };
		9767F7311EE5606E00BC0C28 /* NSObject+ZZExtension.swift */ = {isa = PBXFileReference; fileEncoding = 4; lastKnownFileType = sourcecode.swift; path = "NSObject+ZZExtension.swift"; sourceTree = "<group>"; };
		9767F7321EE5606E00BC0C28 /* String+ZZExtension.swift */ = {isa = PBXFileReference; fileEncoding = 4; lastKnownFileType = sourcecode.swift; path = "String+ZZExtension.swift"; sourceTree = "<group>"; };
		9767F7341EE5606E00BC0C28 /* UIAlertController+ZZExtension.swift */ = {isa = PBXFileReference; fileEncoding = 4; lastKnownFileType = sourcecode.swift; path = "UIAlertController+ZZExtension.swift"; sourceTree = "<group>"; };
		9767F7351EE5606E00BC0C28 /* UIApplication+ZZExtension.swift */ = {isa = PBXFileReference; fileEncoding = 4; lastKnownFileType = sourcecode.swift; path = "UIApplication+ZZExtension.swift"; sourceTree = "<group>"; };
		9767F7361EE5606E00BC0C28 /* UIButton+ZZExtension.swift */ = {isa = PBXFileReference; fileEncoding = 4; lastKnownFileType = sourcecode.swift; path = "UIButton+ZZExtension.swift"; sourceTree = "<group>"; };
		9767F7371EE5606E00BC0C28 /* UIColor+ZZExtension.swift */ = {isa = PBXFileReference; fileEncoding = 4; lastKnownFileType = sourcecode.swift; path = "UIColor+ZZExtension.swift"; sourceTree = "<group>"; };
		9767F7381EE5606E00BC0C28 /* UIDevice+ZZExtension.swift */ = {isa = PBXFileReference; fileEncoding = 4; lastKnownFileType = sourcecode.swift; path = "UIDevice+ZZExtension.swift"; sourceTree = "<group>"; };
		9767F7391EE5606E00BC0C28 /* UIFont+ZZExtension.swift */ = {isa = PBXFileReference; fileEncoding = 4; lastKnownFileType = sourcecode.swift; path = "UIFont+ZZExtension.swift"; sourceTree = "<group>"; };
		9767F73A1EE5606E00BC0C28 /* UIImage+ZZExtension.swift */ = {isa = PBXFileReference; fileEncoding = 4; lastKnownFileType = sourcecode.swift; path = "UIImage+ZZExtension.swift"; sourceTree = "<group>"; };
		9767F73B1EE5606E00BC0C28 /* UIImageView+ZZExtension.swift */ = {isa = PBXFileReference; fileEncoding = 4; lastKnownFileType = sourcecode.swift; path = "UIImageView+ZZExtension.swift"; sourceTree = "<group>"; };
		9767F73C1EE5606E00BC0C28 /* UILabel+ZZExtension.swift */ = {isa = PBXFileReference; fileEncoding = 4; lastKnownFileType = sourcecode.swift; path = "UILabel+ZZExtension.swift"; sourceTree = "<group>"; };
		9767F73D1EE5606E00BC0C28 /* UISceen+ZZExtension.swift */ = {isa = PBXFileReference; fileEncoding = 4; lastKnownFileType = sourcecode.swift; path = "UISceen+ZZExtension.swift"; sourceTree = "<group>"; };
		9767F73E1EE5606E00BC0C28 /* UIScrollView+ZZExtension.swift */ = {isa = PBXFileReference; fileEncoding = 4; lastKnownFileType = sourcecode.swift; path = "UIScrollView+ZZExtension.swift"; sourceTree = "<group>"; };
		9767F73F1EE5606E00BC0C28 /* UITableView+ZZExtension.swift */ = {isa = PBXFileReference; fileEncoding = 4; lastKnownFileType = sourcecode.swift; path = "UITableView+ZZExtension.swift"; sourceTree = "<group>"; };
		9767F7401EE5606E00BC0C28 /* UITextField+ZZExtension.swift */ = {isa = PBXFileReference; fileEncoding = 4; lastKnownFileType = sourcecode.swift; path = "UITextField+ZZExtension.swift"; sourceTree = "<group>"; };
		9767F7411EE5606E00BC0C28 /* UIView+ZZExtension.swift */ = {isa = PBXFileReference; fileEncoding = 4; lastKnownFileType = sourcecode.swift; path = "UIView+ZZExtension.swift"; sourceTree = "<group>"; };
		9767F7421EE5606E00BC0C28 /* ZZLib.swift */ = {isa = PBXFileReference; fileEncoding = 4; lastKnownFileType = sourcecode.swift; path = ZZLib.swift; sourceTree = "<group>"; };
		9767F7641EE560C600BC0C28 /* KGListenController.swift */ = {isa = PBXFileReference; fileEncoding = 4; lastKnownFileType = sourcecode.swift; path = KGListenController.swift; sourceTree = "<group>"; };
		9767F7661EE6485700BC0C28 /* KGCommon.swift */ = {isa = PBXFileReference; fileEncoding = 4; lastKnownFileType = sourcecode.swift; path = KGCommon.swift; sourceTree = "<group>"; };
		9767F7691EE65F1C00BC0C28 /* Constraint.swift */ = {isa = PBXFileReference; fileEncoding = 4; lastKnownFileType = sourcecode.swift; path = Constraint.swift; sourceTree = "<group>"; };
		9767F76A1EE65F1C00BC0C28 /* ConstraintAttributes.swift */ = {isa = PBXFileReference; fileEncoding = 4; lastKnownFileType = sourcecode.swift; path = ConstraintAttributes.swift; sourceTree = "<group>"; };
		9767F76B1EE65F1C00BC0C28 /* ConstraintConfig.swift */ = {isa = PBXFileReference; fileEncoding = 4; lastKnownFileType = sourcecode.swift; path = ConstraintConfig.swift; sourceTree = "<group>"; };
		9767F76C1EE65F1C00BC0C28 /* ConstraintConstantTarget.swift */ = {isa = PBXFileReference; fileEncoding = 4; lastKnownFileType = sourcecode.swift; path = ConstraintConstantTarget.swift; sourceTree = "<group>"; };
		9767F76D1EE65F1C00BC0C28 /* ConstraintDescription.swift */ = {isa = PBXFileReference; fileEncoding = 4; lastKnownFileType = sourcecode.swift; path = ConstraintDescription.swift; sourceTree = "<group>"; };
		9767F76E1EE65F1C00BC0C28 /* ConstraintDSL.swift */ = {isa = PBXFileReference; fileEncoding = 4; lastKnownFileType = sourcecode.swift; path = ConstraintDSL.swift; sourceTree = "<group>"; };
		9767F76F1EE65F1C00BC0C28 /* ConstraintInsets.swift */ = {isa = PBXFileReference; fileEncoding = 4; lastKnownFileType = sourcecode.swift; path = ConstraintInsets.swift; sourceTree = "<group>"; };
		9767F7701EE65F1C00BC0C28 /* ConstraintInsetTarget.swift */ = {isa = PBXFileReference; fileEncoding = 4; lastKnownFileType = sourcecode.swift; path = ConstraintInsetTarget.swift; sourceTree = "<group>"; };
		9767F7711EE65F1C00BC0C28 /* ConstraintItem.swift */ = {isa = PBXFileReference; fileEncoding = 4; lastKnownFileType = sourcecode.swift; path = ConstraintItem.swift; sourceTree = "<group>"; };
		9767F7721EE65F1C00BC0C28 /* ConstraintLayoutGuide+Extensions.swift */ = {isa = PBXFileReference; fileEncoding = 4; lastKnownFileType = sourcecode.swift; path = "ConstraintLayoutGuide+Extensions.swift"; sourceTree = "<group>"; };
		9767F7731EE65F1C00BC0C28 /* ConstraintLayoutGuide.swift */ = {isa = PBXFileReference; fileEncoding = 4; lastKnownFileType = sourcecode.swift; path = ConstraintLayoutGuide.swift; sourceTree = "<group>"; };
		9767F7741EE65F1C00BC0C28 /* ConstraintLayoutGuideDSL.swift */ = {isa = PBXFileReference; fileEncoding = 4; lastKnownFileType = sourcecode.swift; path = ConstraintLayoutGuideDSL.swift; sourceTree = "<group>"; };
		9767F7751EE65F1C00BC0C28 /* ConstraintLayoutSupport.swift */ = {isa = PBXFileReference; fileEncoding = 4; lastKnownFileType = sourcecode.swift; path = ConstraintLayoutSupport.swift; sourceTree = "<group>"; };
		9767F7761EE65F1C00BC0C28 /* ConstraintLayoutSupportDSL.swift */ = {isa = PBXFileReference; fileEncoding = 4; lastKnownFileType = sourcecode.swift; path = ConstraintLayoutSupportDSL.swift; sourceTree = "<group>"; };
		9767F7771EE65F1C00BC0C28 /* ConstraintMaker.swift */ = {isa = PBXFileReference; fileEncoding = 4; lastKnownFileType = sourcecode.swift; path = ConstraintMaker.swift; sourceTree = "<group>"; };
		9767F7781EE65F1C00BC0C28 /* ConstraintMakerEditable.swift */ = {isa = PBXFileReference; fileEncoding = 4; lastKnownFileType = sourcecode.swift; path = ConstraintMakerEditable.swift; sourceTree = "<group>"; };
		9767F7791EE65F1C00BC0C28 /* ConstraintMakerExtendable.swift */ = {isa = PBXFileReference; fileEncoding = 4; lastKnownFileType = sourcecode.swift; path = ConstraintMakerExtendable.swift; sourceTree = "<group>"; };
		9767F77A1EE65F1C00BC0C28 /* ConstraintMakerFinalizable.swift */ = {isa = PBXFileReference; fileEncoding = 4; lastKnownFileType = sourcecode.swift; path = ConstraintMakerFinalizable.swift; sourceTree = "<group>"; };
		9767F77B1EE65F1C00BC0C28 /* ConstraintMakerPriortizable.swift */ = {isa = PBXFileReference; fileEncoding = 4; lastKnownFileType = sourcecode.swift; path = ConstraintMakerPriortizable.swift; sourceTree = "<group>"; };
		9767F77C1EE65F1C00BC0C28 /* ConstraintMakerRelatable.swift */ = {isa = PBXFileReference; fileEncoding = 4; lastKnownFileType = sourcecode.swift; path = ConstraintMakerRelatable.swift; sourceTree = "<group>"; };
		9767F77D1EE65F1C00BC0C28 /* ConstraintMultiplierTarget.swift */ = {isa = PBXFileReference; fileEncoding = 4; lastKnownFileType = sourcecode.swift; path = ConstraintMultiplierTarget.swift; sourceTree = "<group>"; };
		9767F77E1EE65F1C00BC0C28 /* ConstraintOffsetTarget.swift */ = {isa = PBXFileReference; fileEncoding = 4; lastKnownFileType = sourcecode.swift; path = ConstraintOffsetTarget.swift; sourceTree = "<group>"; };
		9767F77F1EE65F1C00BC0C28 /* ConstraintPriority.swift */ = {isa = PBXFileReference; fileEncoding = 4; lastKnownFileType = sourcecode.swift; path = ConstraintPriority.swift; sourceTree = "<group>"; };
		9767F7801EE65F1C00BC0C28 /* ConstraintPriorityTarget.swift */ = {isa = PBXFileReference; fileEncoding = 4; lastKnownFileType = sourcecode.swift; path = ConstraintPriorityTarget.swift; sourceTree = "<group>"; };
		9767F7811EE65F1C00BC0C28 /* ConstraintRelatableTarget.swift */ = {isa = PBXFileReference; fileEncoding = 4; lastKnownFileType = sourcecode.swift; path = ConstraintRelatableTarget.swift; sourceTree = "<group>"; };
		9767F7821EE65F1C00BC0C28 /* ConstraintRelation.swift */ = {isa = PBXFileReference; fileEncoding = 4; lastKnownFileType = sourcecode.swift; path = ConstraintRelation.swift; sourceTree = "<group>"; };
		9767F7831EE65F1C00BC0C28 /* ConstraintView+Extensions.swift */ = {isa = PBXFileReference; fileEncoding = 4; lastKnownFileType = sourcecode.swift; path = "ConstraintView+Extensions.swift"; sourceTree = "<group>"; };
		9767F7841EE65F1C00BC0C28 /* ConstraintView.swift */ = {isa = PBXFileReference; fileEncoding = 4; lastKnownFileType = sourcecode.swift; path = ConstraintView.swift; sourceTree = "<group>"; };
		9767F7851EE65F1C00BC0C28 /* ConstraintViewDSL.swift */ = {isa = PBXFileReference; fileEncoding = 4; lastKnownFileType = sourcecode.swift; path = ConstraintViewDSL.swift; sourceTree = "<group>"; };
		9767F7861EE65F1C00BC0C28 /* Debugging.swift */ = {isa = PBXFileReference; fileEncoding = 4; lastKnownFileType = sourcecode.swift; path = Debugging.swift; sourceTree = "<group>"; };
		9767F7871EE65F1C00BC0C28 /* LayoutConstraint.swift */ = {isa = PBXFileReference; fileEncoding = 4; lastKnownFileType = sourcecode.swift; path = LayoutConstraint.swift; sourceTree = "<group>"; };
		9767F7881EE65F1C00BC0C28 /* LayoutConstraintItem.swift */ = {isa = PBXFileReference; fileEncoding = 4; lastKnownFileType = sourcecode.swift; path = LayoutConstraintItem.swift; sourceTree = "<group>"; };
		9767F7891EE65F1C00BC0C28 /* UILayoutSupport+Extensions.swift */ = {isa = PBXFileReference; fileEncoding = 4; lastKnownFileType = sourcecode.swift; path = "UILayoutSupport+Extensions.swift"; sourceTree = "<group>"; };
		9767F7AC1EE660D000BC0C28 /* KGContainerController.swift */ = {isa = PBXFileReference; fileEncoding = 4; lastKnownFileType = sourcecode.swift; path = KGContainerController.swift; sourceTree = "<group>"; };
		9767F7AD1EE660D000BC0C28 /* KGMainController.swift */ = {isa = PBXFileReference; fileEncoding = 4; lastKnownFileType = sourcecode.swift; path = KGMainController.swift; sourceTree = "<group>"; };
		9767F7AE1EE660D000BC0C28 /* KGNavigationController.swift */ = {isa = PBXFileReference; fileEncoding = 4; lastKnownFileType = sourcecode.swift; path = KGNavigationController.swift; sourceTree = "<group>"; };
		9767F7AF1EE660D000BC0C28 /* KGViewController.swift */ = {isa = PBXFileReference; fileEncoding = 4; lastKnownFileType = sourcecode.swift; path = KGViewController.swift; sourceTree = "<group>"; };
		9767F7B51EE660FD00BC0C28 /* KGLightingTabView.swift */ = {isa = PBXFileReference; fileEncoding = 4; lastKnownFileType = sourcecode.swift; path = KGLightingTabView.swift; sourceTree = "<group>"; };
		9C8BB5705065A0D13E6A862F /* Pods-ZZKG.release.xcconfig */ = {isa = PBXFileReference; includeInIndex = 1; lastKnownFileType = text.xcconfig; name = "Pods-ZZKG.release.xcconfig"; path = "Pods/Target Support Files/Pods-ZZKG/Pods-ZZKG.release.xcconfig"; sourceTree = "<group>"; };
/* End PBXFileReference section */

/* Begin PBXFrameworksBuildPhase section */
		9767F6D91EE5414A00BC0C28 /* Frameworks */ = {
			isa = PBXFrameworksBuildPhase;
			buildActionMask = 2147483647;
			files = (
				5009BADCBBAB0856D7B1708E /* Pods_ZZKG.framework in Frameworks */,
			);
			runOnlyForDeploymentPostprocessing = 0;
		};
/* End PBXFrameworksBuildPhase section */

/* Begin PBXGroup section */
		45AFCFC0B483BF86C605CBA5 /* Frameworks */ = {
			isa = PBXGroup;
			children = (
				32D1926E2341E6BE373FC497 /* Pods_ZZKG.framework */,
			);
			name = Frameworks;
			sourceTree = "<group>";
		};
		9767F6D31EE5414A00BC0C28 = {
			isa = PBXGroup;
			children = (
				9767F6DE1EE5414A00BC0C28 /* ZZKG */,
				9767F6DD1EE5414A00BC0C28 /* Products */,
				E3FB358ED8900D83BA4B0769 /* Pods */,
				45AFCFC0B483BF86C605CBA5 /* Frameworks */,
			);
			sourceTree = "<group>";
		};
		9767F6DD1EE5414A00BC0C28 /* Products */ = {
			isa = PBXGroup;
			children = (
				9767F6DC1EE5414A00BC0C28 /* ZZKG.app */,
			);
			name = Products;
			sourceTree = "<group>";
		};
		9767F6DE1EE5414A00BC0C28 /* ZZKG */ = {
			isa = PBXGroup;
			children = (
				9767F6F11EE5433D00BC0C28 /* Classes */,
				9767F6FC1EE543A700BC0C28 /* Resource */,
			);
			path = ZZKG;
			sourceTree = "<group>";
		};
		9767F6F11EE5433D00BC0C28 /* Classes */ = {
			isa = PBXGroup;
			children = (
				9767F6F21EE5433D00BC0C28 /* AppDelegate.swift */,
				9767F6F31EE5433D00BC0C28 /* Lib */,
				9767F6F41EE5433D00BC0C28 /* Listen */,
				9767F6F51EE5433D00BC0C28 /* Look */,
				9767F6F61EE5433D00BC0C28 /* Main */,
				9767F6F71EE5433D00BC0C28 /* Mine */,
				9767F6F81EE5433D00BC0C28 /* Other */,
				9767F6F91EE5433D00BC0C28 /* Setting */,
				9767F6FA1EE5433D00BC0C28 /* Sing */,
			);
			path = Classes;
			sourceTree = "<group>";
		};
		9767F6F31EE5433D00BC0C28 /* Lib */ = {
			isa = PBXGroup;
			children = (
				9767F7681EE65F1C00BC0C28 /* SnapKit */,
				9767F71C1EE5606E00BC0C28 /* ZZLib */,
			);
			path = Lib;
			sourceTree = "<group>";
		};
		9767F6F41EE5433D00BC0C28 /* Listen */ = {
			isa = PBXGroup;
			children = (
				9767F70E1EE55A4500BC0C28 /* KGLikeController.swift */,
				9767F7101EE55A6100BC0C28 /* KGDownloadController.swift */,
				9767F7121EE55A7300BC0C28 /* KGRecentController.swift */,
				9758D4021EE7A516006E5AE8 /* KGLocalMusicController.swift */,
				9758D4041EE7A53C006E5AE8 /* KGMusicListController.swift */,
				9767F7641EE560C600BC0C28 /* KGListenController.swift */,
			);
			path = Listen;
			sourceTree = "<group>";
		};
		9767F6F51EE5433D00BC0C28 /* Look */ = {
			isa = PBXGroup;
			children = (
				9767F7181EE55ADC00BC0C28 /* KGLookController.swift */,
			);
			path = Look;
			sourceTree = "<group>";
		};
		9767F6F61EE5433D00BC0C28 /* Main */ = {
			isa = PBXGroup;
			children = (
				9767F7AB1EE660D000BC0C28 /* Controller */,
				9767F7B01EE660D000BC0C28 /* View */,
			);
			path = Main;
			sourceTree = "<group>";
		};
		9767F6F71EE5433D00BC0C28 /* Mine */ = {
			isa = PBXGroup;
			children = (
			);
			path = Mine;
			sourceTree = "<group>";
		};
		9767F6F81EE5433D00BC0C28 /* Other */ = {
			isa = PBXGroup;
			children = (
				9767F7661EE6485700BC0C28 /* KGCommon.swift */,
			);
			path = Other;
			sourceTree = "<group>";
		};
		9767F6F91EE5433D00BC0C28 /* Setting */ = {
			isa = PBXGroup;
			children = (
			);
			path = Setting;
			sourceTree = "<group>";
		};
		9767F6FA1EE5433D00BC0C28 /* Sing */ = {
			isa = PBXGroup;
			children = (
				9767F71A1EE55AEB00BC0C28 /* KGSingController.swift */,
			);
			path = Sing;
			sourceTree = "<group>";
		};
		9767F6FC1EE543A700BC0C28 /* Resource */ = {
			isa = PBXGroup;
			children = (
				9767F6FD1EE543A700BC0C28 /* Assets.xcassets */,
				9767F7001EE543A700BC0C28 /* Info.plist */,
			);
			path = Resource;
			sourceTree = "<group>";
		};
		9767F71C1EE5606E00BC0C28 /* ZZLib */ = {
			isa = PBXGroup;
			children = (
				9767F71D1EE5606E00BC0C28 /* ZZCollection.swift */,
				9767F71E1EE5606E00BC0C28 /* ZZCustom */,
				9767F7281EE5606E00BC0C28 /* ZZExtension */,
				9767F7421EE5606E00BC0C28 /* ZZLib.swift */,
			);
			path = ZZLib;
			sourceTree = "<group>";
		};
		9767F71E1EE5606E00BC0C28 /* ZZCustom */ = {
			isa = PBXGroup;
			children = (
				9767F71F1EE5606E00BC0C28 /* ZZButton.swift */,
				9767F7201EE5606E00BC0C28 /* ZZCircleProgressView.swift */,
				9767F7211EE5606E00BC0C28 /* ZZProgressHud.swift */,
				9767F7221EE5606E00BC0C28 /* ZZRefresh */,
			);
			path = ZZCustom;
			sourceTree = "<group>";
		};
		9767F7221EE5606E00BC0C28 /* ZZRefresh */ = {
			isa = PBXGroup;
			children = (
				9767F7231EE5606E00BC0C28 /* UIScrollView+ZZRefresh.swift */,
				9767F7241EE5606E00BC0C28 /* ZZRefresh.swift */,
				9767F7251EE5606E00BC0C28 /* ZZRefreshFooter.swift */,
				9767F7261EE5606E00BC0C28 /* ZZRefreshHeader.swift */,
				9767F7271EE5606E00BC0C28 /* ZZRefreshView.swift */,
			);
			path = ZZRefresh;
			sourceTree = "<group>";
		};
		9767F7281EE5606E00BC0C28 /* ZZExtension */ = {
			isa = PBXGroup;
			children = (
				9767F7291EE5606E00BC0C28 /* ZZNSExtension */,
				9767F7331EE5606E00BC0C28 /* ZZUIExtension */,
			);
			path = ZZExtension;
			sourceTree = "<group>";
		};
		9767F7291EE5606E00BC0C28 /* ZZNSExtension */ = {
			isa = PBXGroup;
			children = (
				9767F72A1EE5606E00BC0C28 /* Calendar+ZZExtension.swift */,
				9767F72B1EE5606E00BC0C28 /* CGRect+ZZExtension.swift */,
				9767F72C1EE5606E00BC0C28 /* Data+ZZExtension.swift */,
				9767F72D1EE5606E00BC0C28 /* Date+ZZExtension.swift */,
				9767F72E1EE5606E00BC0C28 /* DateFormatter+ZZExtension.swift */,
				9767F72F1EE5606E00BC0C28 /* DispatchQueue+ZZExtension.swift */,
				9767F7301EE5606E00BC0C28 /* Locale+ZZExtension.swift */,
				9767F7311EE5606E00BC0C28 /* NSObject+ZZExtension.swift */,
				9767F7321EE5606E00BC0C28 /* String+ZZExtension.swift */,
			);
			path = ZZNSExtension;
			sourceTree = "<group>";
		};
		9767F7331EE5606E00BC0C28 /* ZZUIExtension */ = {
			isa = PBXGroup;
			children = (
				9767F7341EE5606E00BC0C28 /* UIAlertController+ZZExtension.swift */,
				9767F7351EE5606E00BC0C28 /* UIApplication+ZZExtension.swift */,
				9767F7361EE5606E00BC0C28 /* UIButton+ZZExtension.swift */,
				9767F7371EE5606E00BC0C28 /* UIColor+ZZExtension.swift */,
				9767F7381EE5606E00BC0C28 /* UIDevice+ZZExtension.swift */,
				9767F7391EE5606E00BC0C28 /* UIFont+ZZExtension.swift */,
				9767F73A1EE5606E00BC0C28 /* UIImage+ZZExtension.swift */,
				9767F73B1EE5606E00BC0C28 /* UIImageView+ZZExtension.swift */,
				9767F73C1EE5606E00BC0C28 /* UILabel+ZZExtension.swift */,
				9767F73D1EE5606E00BC0C28 /* UISceen+ZZExtension.swift */,
				9767F73E1EE5606E00BC0C28 /* UIScrollView+ZZExtension.swift */,
				9767F73F1EE5606E00BC0C28 /* UITableView+ZZExtension.swift */,
				9767F7401EE5606E00BC0C28 /* UITextField+ZZExtension.swift */,
				9767F7411EE5606E00BC0C28 /* UIView+ZZExtension.swift */,
			);
			path = ZZUIExtension;
			sourceTree = "<group>";
		};
		9767F7681EE65F1C00BC0C28 /* SnapKit */ = {
			isa = PBXGroup;
			children = (
				9767F7691EE65F1C00BC0C28 /* Constraint.swift */,
				9767F76A1EE65F1C00BC0C28 /* ConstraintAttributes.swift */,
				9767F76B1EE65F1C00BC0C28 /* ConstraintConfig.swift */,
				9767F76C1EE65F1C00BC0C28 /* ConstraintConstantTarget.swift */,
				9767F76D1EE65F1C00BC0C28 /* ConstraintDescription.swift */,
				9767F76E1EE65F1C00BC0C28 /* ConstraintDSL.swift */,
				9767F76F1EE65F1C00BC0C28 /* ConstraintInsets.swift */,
				9767F7701EE65F1C00BC0C28 /* ConstraintInsetTarget.swift */,
				9767F7711EE65F1C00BC0C28 /* ConstraintItem.swift */,
				9767F7721EE65F1C00BC0C28 /* ConstraintLayoutGuide+Extensions.swift */,
				9767F7731EE65F1C00BC0C28 /* ConstraintLayoutGuide.swift */,
				9767F7741EE65F1C00BC0C28 /* ConstraintLayoutGuideDSL.swift */,
				9767F7751EE65F1C00BC0C28 /* ConstraintLayoutSupport.swift */,
				9767F7761EE65F1C00BC0C28 /* ConstraintLayoutSupportDSL.swift */,
				9767F7771EE65F1C00BC0C28 /* ConstraintMaker.swift */,
				9767F7781EE65F1C00BC0C28 /* ConstraintMakerEditable.swift */,
				9767F7791EE65F1C00BC0C28 /* ConstraintMakerExtendable.swift */,
				9767F77A1EE65F1C00BC0C28 /* ConstraintMakerFinalizable.swift */,
				9767F77B1EE65F1C00BC0C28 /* ConstraintMakerPriortizable.swift */,
				9767F77C1EE65F1C00BC0C28 /* ConstraintMakerRelatable.swift */,
				9767F77D1EE65F1C00BC0C28 /* ConstraintMultiplierTarget.swift */,
				9767F77E1EE65F1C00BC0C28 /* ConstraintOffsetTarget.swift */,
				9767F77F1EE65F1C00BC0C28 /* ConstraintPriority.swift */,
				9767F7801EE65F1C00BC0C28 /* ConstraintPriorityTarget.swift */,
				9767F7811EE65F1C00BC0C28 /* ConstraintRelatableTarget.swift */,
				9767F7821EE65F1C00BC0C28 /* ConstraintRelation.swift */,
				9767F7831EE65F1C00BC0C28 /* ConstraintView+Extensions.swift */,
				9767F7841EE65F1C00BC0C28 /* ConstraintView.swift */,
				9767F7851EE65F1C00BC0C28 /* ConstraintViewDSL.swift */,
				9767F7861EE65F1C00BC0C28 /* Debugging.swift */,
				9767F7871EE65F1C00BC0C28 /* LayoutConstraint.swift */,
				9767F7881EE65F1C00BC0C28 /* LayoutConstraintItem.swift */,
				9767F7891EE65F1C00BC0C28 /* UILayoutSupport+Extensions.swift */,
			);
			path = SnapKit;
			sourceTree = "<group>";
		};
		9767F7AB1EE660D000BC0C28 /* Controller */ = {
			isa = PBXGroup;
			children = (
				9767F7AC1EE660D000BC0C28 /* KGContainerController.swift */,
				9767F7AD1EE660D000BC0C28 /* KGMainController.swift */,
				9767F7AE1EE660D000BC0C28 /* KGNavigationController.swift */,
				9767F7AF1EE660D000BC0C28 /* KGViewController.swift */,
			);
			path = Controller;
			sourceTree = "<group>";
		};
		9767F7B01EE660D000BC0C28 /* View */ = {
			isa = PBXGroup;
			children = (
				9767F7B51EE660FD00BC0C28 /* KGLightingTabView.swift */,
			);
			path = View;
			sourceTree = "<group>";
		};
		E3FB358ED8900D83BA4B0769 /* Pods */ = {
			isa = PBXGroup;
			children = (
				1301D3B9DE8BBEAE6C2F9549 /* Pods-ZZKG.debug.xcconfig */,
				9C8BB5705065A0D13E6A862F /* Pods-ZZKG.release.xcconfig */,
			);
			name = Pods;
			sourceTree = "<group>";
		};
/* End PBXGroup section */

/* Begin PBXNativeTarget section */
		9767F6DB1EE5414A00BC0C28 /* ZZKG */ = {
			isa = PBXNativeTarget;
			buildConfigurationList = 9767F6EE1EE5414A00BC0C28 /* Build configuration list for PBXNativeTarget "ZZKG" */;
			buildPhases = (
				C1127D5E8D7C1C91D2390EF1 /* [CP] Check Pods Manifest.lock */,
				9767F6D81EE5414A00BC0C28 /* Sources */,
				9767F6D91EE5414A00BC0C28 /* Frameworks */,
				9767F6DA1EE5414A00BC0C28 /* Resources */,
				18D246484FDC6D20CEE9A9F2 /* [CP] Embed Pods Frameworks */,
				99142FA01223D7630A5B0A55 /* [CP] Copy Pods Resources */,
			);
			buildRules = (
			);
			dependencies = (
			);
			name = ZZKG;
			productName = ZZKG;
			productReference = 9767F6DC1EE5414A00BC0C28 /* ZZKG.app */;
			productType = "com.apple.product-type.application";
		};
/* End PBXNativeTarget section */

/* Begin PBXProject section */
		9767F6D41EE5414A00BC0C28 /* Project object */ = {
			isa = PBXProject;
			attributes = {
				LastSwiftUpdateCheck = 0800;
				LastUpgradeCheck = 0800;
				ORGANIZATIONNAME = lixiangzhou;
				TargetAttributes = {
					9767F6DB1EE5414A00BC0C28 = {
						CreatedOnToolsVersion = 8.0;
						DevelopmentTeam = N33WL6ABHF;
						ProvisioningStyle = Automatic;
					};
				};
			};
			buildConfigurationList = 9767F6D71EE5414A00BC0C28 /* Build configuration list for PBXProject "ZZKG" */;
			compatibilityVersion = "Xcode 3.2";
			developmentRegion = English;
			hasScannedForEncodings = 0;
			knownRegions = (
				en,
				Base,
			);
			mainGroup = 9767F6D31EE5414A00BC0C28;
			productRefGroup = 9767F6DD1EE5414A00BC0C28 /* Products */;
			projectDirPath = "";
			projectRoot = "";
			targets = (
				9767F6DB1EE5414A00BC0C28 /* ZZKG */,
			);
		};
/* End PBXProject section */

/* Begin PBXResourcesBuildPhase section */
		9767F6DA1EE5414A00BC0C28 /* Resources */ = {
			isa = PBXResourcesBuildPhase;
			buildActionMask = 2147483647;
			files = (
				9767F7011EE543A700BC0C28 /* Assets.xcassets in Resources */,
			);
			runOnlyForDeploymentPostprocessing = 0;
		};
/* End PBXResourcesBuildPhase section */

/* Begin PBXShellScriptBuildPhase section */
		18D246484FDC6D20CEE9A9F2 /* [CP] Embed Pods Frameworks */ = {
			isa = PBXShellScriptBuildPhase;
			buildActionMask = 2147483647;
			files = (
			);
			inputPaths = (
			);
			name = "[CP] Embed Pods Frameworks";
			outputPaths = (
			);
			runOnlyForDeploymentPostprocessing = 0;
			shellPath = /bin/sh;
			shellScript = "\"${SRCROOT}/Pods/Target Support Files/Pods-ZZKG/Pods-ZZKG-frameworks.sh\"\n";
			showEnvVarsInLog = 0;
		};
		99142FA01223D7630A5B0A55 /* [CP] Copy Pods Resources */ = {
			isa = PBXShellScriptBuildPhase;
			buildActionMask = 2147483647;
			files = (
			);
			inputPaths = (
			);
			name = "[CP] Copy Pods Resources";
			outputPaths = (
			);
			runOnlyForDeploymentPostprocessing = 0;
			shellPath = /bin/sh;
			shellScript = "\"${SRCROOT}/Pods/Target Support Files/Pods-ZZKG/Pods-ZZKG-resources.sh\"\n";
			showEnvVarsInLog = 0;
		};
		C1127D5E8D7C1C91D2390EF1 /* [CP] Check Pods Manifest.lock */ = {
			isa = PBXShellScriptBuildPhase;
			buildActionMask = 2147483647;
			files = (
			);
			inputPaths = (
			);
			name = "[CP] Check Pods Manifest.lock";
			outputPaths = (
			);
			runOnlyForDeploymentPostprocessing = 0;
			shellPath = /bin/sh;
			shellScript = "diff \"${PODS_ROOT}/../Podfile.lock\" \"${PODS_ROOT}/Manifest.lock\" > /dev/null\nif [[ $? != 0 ]] ; then\n    cat << EOM\nerror: The sandbox is not in sync with the Podfile.lock. Run 'pod install' or update your CocoaPods installation.\nEOM\n    exit 1\nfi\n";
			showEnvVarsInLog = 0;
		};
/* End PBXShellScriptBuildPhase section */

/* Begin PBXSourcesBuildPhase section */
		9767F6D81EE5414A00BC0C28 /* Sources */ = {
			isa = PBXSourcesBuildPhase;
			buildActionMask = 2147483647;
			files = (
				9767F7551EE5606E00BC0C28 /* UIAlertController+ZZExtension.swift in Sources */,
				9758D4051EE7A53C006E5AE8 /* KGMusicListController.swift in Sources */,
				9767F7111EE55A6100BC0C28 /* KGDownloadController.swift in Sources */,
				9767F7941EE65F1C00BC0C28 /* ConstraintLayoutGuide.swift in Sources */,
				9767F7651EE560C600BC0C28 /* KGListenController.swift in Sources */,
				9767F7921EE65F1C00BC0C28 /* ConstraintItem.swift in Sources */,
				9767F7611EE5606E00BC0C28 /* UITextField+ZZExtension.swift in Sources */,
				9767F78A1EE65F1C00BC0C28 /* Constraint.swift in Sources */,
				9767F7471EE5606E00BC0C28 /* UIScrollView+ZZRefresh.swift in Sources */,
				9767F7951EE65F1C00BC0C28 /* ConstraintLayoutGuideDSL.swift in Sources */,
				9767F75D1EE5606E00BC0C28 /* UILabel+ZZExtension.swift in Sources */,
				9767F7511EE5606E00BC0C28 /* DispatchQueue+ZZExtension.swift in Sources */,
				9767F7A81EE65F1C00BC0C28 /* LayoutConstraint.swift in Sources */,
				9767F7131EE55A7300BC0C28 /* KGRecentController.swift in Sources */,
				9767F7541EE5606E00BC0C28 /* String+ZZExtension.swift in Sources */,
				9767F7A71EE65F1C00BC0C28 /* Debugging.swift in Sources */,
				9767F78C1EE65F1C00BC0C28 /* ConstraintConfig.swift in Sources */,
				9767F7991EE65F1C00BC0C28 /* ConstraintMakerEditable.swift in Sources */,
				9767F7B21EE660D000BC0C28 /* KGMainController.swift in Sources */,
				9767F7AA1EE65F1C00BC0C28 /* UILayoutSupport+Extensions.swift in Sources */,
				9767F7561EE5606E00BC0C28 /* UIApplication+ZZExtension.swift in Sources */,
				9767F7A51EE65F1C00BC0C28 /* ConstraintView.swift in Sources */,
				9767F7A11EE65F1C00BC0C28 /* ConstraintPriorityTarget.swift in Sources */,
				9767F79A1EE65F1C00BC0C28 /* ConstraintMakerExtendable.swift in Sources */,
				9767F7451EE5606E00BC0C28 /* ZZCircleProgressView.swift in Sources */,
				9767F7901EE65F1C00BC0C28 /* ConstraintInsets.swift in Sources */,
				9767F7621EE5606E00BC0C28 /* UIView+ZZExtension.swift in Sources */,
				9767F75B1EE5606E00BC0C28 /* UIImage+ZZExtension.swift in Sources */,
				9767F79F1EE65F1C00BC0C28 /* ConstraintOffsetTarget.swift in Sources */,
				9767F7B61EE660FD00BC0C28 /* KGLightingTabView.swift in Sources */,
				9767F71B1EE55AEB00BC0C28 /* KGSingController.swift in Sources */,
				9767F78D1EE65F1C00BC0C28 /* ConstraintConstantTarget.swift in Sources */,
				9767F7431EE5606E00BC0C28 /* ZZCollection.swift in Sources */,
				9767F7961EE65F1C00BC0C28 /* ConstraintLayoutSupport.swift in Sources */,
				9767F6FB1EE5433D00BC0C28 /* AppDelegate.swift in Sources */,
				9767F7491EE5606E00BC0C28 /* ZZRefreshFooter.swift in Sources */,
				9767F7631EE5606E00BC0C28 /* ZZLib.swift in Sources */,
				9767F78F1EE65F1C00BC0C28 /* ConstraintDSL.swift in Sources */,
				9767F7571EE5606E00BC0C28 /* UIButton+ZZExtension.swift in Sources */,
				9758D4031EE7A516006E5AE8 /* KGLocalMusicController.swift in Sources */,
				9767F75C1EE5606E00BC0C28 /* UIImageView+ZZExtension.swift in Sources */,
				9767F7591EE5606E00BC0C28 /* UIDevice+ZZExtension.swift in Sources */,
				9767F75A1EE5606E00BC0C28 /* UIFont+ZZExtension.swift in Sources */,
				9767F79B1EE65F1C00BC0C28 /* ConstraintMakerFinalizable.swift in Sources */,
				9767F7481EE5606E00BC0C28 /* ZZRefresh.swift in Sources */,
				9767F7461EE5606E00BC0C28 /* ZZProgressHud.swift in Sources */,
				9767F7501EE5606E00BC0C28 /* DateFormatter+ZZExtension.swift in Sources */,
				9767F7911EE65F1C00BC0C28 /* ConstraintInsetTarget.swift in Sources */,
				9767F74F1EE5606E00BC0C28 /* Date+ZZExtension.swift in Sources */,
				9767F7191EE55ADC00BC0C28 /* KGLookController.swift in Sources */,
				9767F7B11EE660D000BC0C28 /* KGContainerController.swift in Sources */,
				9767F74D1EE5606E00BC0C28 /* CGRect+ZZExtension.swift in Sources */,
				9767F7A21EE65F1C00BC0C28 /* ConstraintRelatableTarget.swift in Sources */,
				9767F7A31EE65F1C00BC0C28 /* ConstraintRelation.swift in Sources */,
				9767F74E1EE5606E00BC0C28 /* Data+ZZExtension.swift in Sources */,
				9767F75E1EE5606E00BC0C28 /* UISceen+ZZExtension.swift in Sources */,
				9767F7B31EE660D000BC0C28 /* KGNavigationController.swift in Sources */,
				9767F78E1EE65F1C00BC0C28 /* ConstraintDescription.swift in Sources */,
				9767F7A91EE65F1C00BC0C28 /* LayoutConstraintItem.swift in Sources */,
				9767F78B1EE65F1C00BC0C28 /* ConstraintAttributes.swift in Sources */,
				9767F7971EE65F1C00BC0C28 /* ConstraintLayoutSupportDSL.swift in Sources */,
				9767F75F1EE5606E00BC0C28 /* UIScrollView+ZZExtension.swift in Sources */,
				9767F7B41EE660D000BC0C28 /* KGViewController.swift in Sources */,
				9767F79D1EE65F1C00BC0C28 /* ConstraintMakerRelatable.swift in Sources */,
				9767F74A1EE5606E00BC0C28 /* ZZRefreshHeader.swift in Sources */,
				9767F74C1EE5606E00BC0C28 /* Calendar+ZZExtension.swift in Sources */,
				9767F70F1EE55A4500BC0C28 /* KGLikeController.swift in Sources */,
				9767F79C1EE65F1C00BC0C28 /* ConstraintMakerPriortizable.swift in Sources */,
				9767F7441EE5606E00BC0C28 /* ZZButton.swift in Sources */,
				9767F7671EE6485700BC0C28 /* KGCommon.swift in Sources */,
				9767F74B1EE5606E00BC0C28 /* ZZRefreshView.swift in Sources */,
				9767F7581EE5606E00BC0C28 /* UIColor+ZZExtension.swift in Sources */,
				9767F7601EE5606E00BC0C28 /* UITableView+ZZExtension.swift in Sources */,
				9767F7931EE65F1C00BC0C28 /* ConstraintLayoutGuide+Extensions.swift in Sources */,
				9767F7981EE65F1C00BC0C28 /* ConstraintMaker.swift in Sources */,
				9767F7521EE5606E00BC0C28 /* Locale+ZZExtension.swift in Sources */,
				9767F7A41EE65F1C00BC0C28 /* ConstraintView+Extensions.swift in Sources */,
				9767F7A61EE65F1C00BC0C28 /* ConstraintViewDSL.swift in Sources */,
				9767F7531EE5606E00BC0C28 /* NSObject+ZZExtension.swift in Sources */,
				9767F79E1EE65F1C00BC0C28 /* ConstraintMultiplierTarget.swift in Sources */,
				9767F7A01EE65F1C00BC0C28 /* ConstraintPriority.swift in Sources */,
			);
			runOnlyForDeploymentPostprocessing = 0;
		};
/* End PBXSourcesBuildPhase section */

/* Begin XCBuildConfiguration section */
		9767F6EC1EE5414A00BC0C28 /* Debug */ = {
			isa = XCBuildConfiguration;
			buildSettings = {
				ALWAYS_SEARCH_USER_PATHS = NO;
				CLANG_ANALYZER_NONNULL = YES;
				CLANG_CXX_LANGUAGE_STANDARD = "gnu++0x";
				CLANG_CXX_LIBRARY = "libc++";
				CLANG_ENABLE_MODULES = YES;
				CLANG_ENABLE_OBJC_ARC = YES;
				CLANG_WARN_BOOL_CONVERSION = YES;
				CLANG_WARN_CONSTANT_CONVERSION = YES;
				CLANG_WARN_DIRECT_OBJC_ISA_USAGE = YES_ERROR;
				CLANG_WARN_DOCUMENTATION_COMMENTS = YES;
				CLANG_WARN_EMPTY_BODY = YES;
				CLANG_WARN_ENUM_CONVERSION = YES;
				CLANG_WARN_INFINITE_RECURSION = YES;
				CLANG_WARN_INT_CONVERSION = YES;
				CLANG_WARN_OBJC_ROOT_CLASS = YES_ERROR;
				CLANG_WARN_SUSPICIOUS_MOVES = YES;
				CLANG_WARN_UNREACHABLE_CODE = YES;
				CLANG_WARN__DUPLICATE_METHOD_MATCH = YES;
				"CODE_SIGN_IDENTITY[sdk=iphoneos*]" = "iPhone Developer";
				COPY_PHASE_STRIP = NO;
				DEBUG_INFORMATION_FORMAT = dwarf;
				ENABLE_STRICT_OBJC_MSGSEND = YES;
				ENABLE_TESTABILITY = YES;
				GCC_C_LANGUAGE_STANDARD = gnu99;
				GCC_DYNAMIC_NO_PIC = NO;
				GCC_NO_COMMON_BLOCKS = YES;
				GCC_OPTIMIZATION_LEVEL = 0;
				GCC_PREPROCESSOR_DEFINITIONS = (
					"DEBUG=1",
					"$(inherited)",
				);
				GCC_WARN_64_TO_32_BIT_CONVERSION = YES;
				GCC_WARN_ABOUT_RETURN_TYPE = YES_ERROR;
				GCC_WARN_UNDECLARED_SELECTOR = YES;
				GCC_WARN_UNINITIALIZED_AUTOS = YES_AGGRESSIVE;
				GCC_WARN_UNUSED_FUNCTION = YES;
				GCC_WARN_UNUSED_VARIABLE = YES;
				IPHONEOS_DEPLOYMENT_TARGET = 10.0;
				MTL_ENABLE_DEBUG_INFO = YES;
				ONLY_ACTIVE_ARCH = YES;
				SDKROOT = iphoneos;
				SWIFT_ACTIVE_COMPILATION_CONDITIONS = DEBUG;
				SWIFT_OPTIMIZATION_LEVEL = "-Onone";
				TARGETED_DEVICE_FAMILY = "1,2";
			};
			name = Debug;
		};
		9767F6ED1EE5414A00BC0C28 /* Release */ = {
			isa = XCBuildConfiguration;
			buildSettings = {
				ALWAYS_SEARCH_USER_PATHS = NO;
				CLANG_ANALYZER_NONNULL = YES;
				CLANG_CXX_LANGUAGE_STANDARD = "gnu++0x";
				CLANG_CXX_LIBRARY = "libc++";
				CLANG_ENABLE_MODULES = YES;
				CLANG_ENABLE_OBJC_ARC = YES;
				CLANG_WARN_BOOL_CONVERSION = YES;
				CLANG_WARN_CONSTANT_CONVERSION = YES;
				CLANG_WARN_DIRECT_OBJC_ISA_USAGE = YES_ERROR;
				CLANG_WARN_DOCUMENTATION_COMMENTS = YES;
				CLANG_WARN_EMPTY_BODY = YES;
				CLANG_WARN_ENUM_CONVERSION = YES;
				CLANG_WARN_INFINITE_RECURSION = YES;
				CLANG_WARN_INT_CONVERSION = YES;
				CLANG_WARN_OBJC_ROOT_CLASS = YES_ERROR;
				CLANG_WARN_SUSPICIOUS_MOVES = YES;
				CLANG_WARN_UNREACHABLE_CODE = YES;
				CLANG_WARN__DUPLICATE_METHOD_MATCH = YES;
				"CODE_SIGN_IDENTITY[sdk=iphoneos*]" = "iPhone Developer";
				COPY_PHASE_STRIP = NO;
				DEBUG_INFORMATION_FORMAT = "dwarf-with-dsym";
				ENABLE_NS_ASSERTIONS = NO;
				ENABLE_STRICT_OBJC_MSGSEND = YES;
				GCC_C_LANGUAGE_STANDARD = gnu99;
				GCC_NO_COMMON_BLOCKS = YES;
				GCC_WARN_64_TO_32_BIT_CONVERSION = YES;
				GCC_WARN_ABOUT_RETURN_TYPE = YES_ERROR;
				GCC_WARN_UNDECLARED_SELECTOR = YES;
				GCC_WARN_UNINITIALIZED_AUTOS = YES_AGGRESSIVE;
				GCC_WARN_UNUSED_FUNCTION = YES;
				GCC_WARN_UNUSED_VARIABLE = YES;
				IPHONEOS_DEPLOYMENT_TARGET = 10.0;
				MTL_ENABLE_DEBUG_INFO = NO;
				SDKROOT = iphoneos;
				SWIFT_OPTIMIZATION_LEVEL = "-Owholemodule";
				TARGETED_DEVICE_FAMILY = "1,2";
				VALIDATE_PRODUCT = YES;
			};
			name = Release;
		};
		9767F6EF1EE5414A00BC0C28 /* Debug */ = {
			isa = XCBuildConfiguration;
			baseConfigurationReference = 1301D3B9DE8BBEAE6C2F9549 /* Pods-ZZKG.debug.xcconfig */;
			buildSettings = {
				ASSETCATALOG_COMPILER_APPICON_NAME = AppIcon;
				ASSETCATALOG_COMPILER_LAUNCHIMAGE_NAME = LaunchImage;
				DEVELOPMENT_TEAM = N33WL6ABHF;
				INFOPLIST_FILE = ZZKG/Resource/Info.plist;
				LD_RUNPATH_SEARCH_PATHS = "$(inherited) @executable_path/Frameworks";
				PRODUCT_BUNDLE_IDENTIFIER = com.zz.ZZKG;
				PRODUCT_NAME = "$(TARGET_NAME)";
				SWIFT_VERSION = 3.0;
				TARGETED_DEVICE_FAMILY = 1;
			};
			name = Debug;
		};
		9767F6F01EE5414A00BC0C28 /* Release */ = {
			isa = XCBuildConfiguration;
			baseConfigurationReference = 9C8BB5705065A0D13E6A862F /* Pods-ZZKG.release.xcconfig */;
			buildSettings = {
				ASSETCATALOG_COMPILER_APPICON_NAME = AppIcon;
				ASSETCATALOG_COMPILER_LAUNCHIMAGE_NAME = LaunchImage;
				DEVELOPMENT_TEAM = N33WL6ABHF;
				INFOPLIST_FILE = ZZKG/Resource/Info.plist;
				LD_RUNPATH_SEARCH_PATHS = "$(inherited) @executable_path/Frameworks";
				PRODUCT_BUNDLE_IDENTIFIER = com.zz.ZZKG;
				PRODUCT_NAME = "$(TARGET_NAME)";
				SWIFT_VERSION = 3.0;
				TARGETED_DEVICE_FAMILY = 1;
			};
			name = Release;
		};
/* End XCBuildConfiguration section */

/* Begin XCConfigurationList section */
		9767F6D71EE5414A00BC0C28 /* Build configuration list for PBXProject "ZZKG" */ = {
			isa = XCConfigurationList;
			buildConfigurations = (
				9767F6EC1EE5414A00BC0C28 /* Debug */,
				9767F6ED1EE5414A00BC0C28 /* Release */,
			);
			defaultConfigurationIsVisible = 0;
			defaultConfigurationName = Release;
		};
		9767F6EE1EE5414A00BC0C28 /* Build configuration list for PBXNativeTarget "ZZKG" */ = {
			isa = XCConfigurationList;
			buildConfigurations = (
				9767F6EF1EE5414A00BC0C28 /* Debug */,
				9767F6F01EE5414A00BC0C28 /* Release */,
			);
			defaultConfigurationIsVisible = 0;
			defaultConfigurationName = Release;
		};
/* End XCConfigurationList section */
	};
	rootObject = 9767F6D41EE5414A00BC0C28 /* Project object */;
}
