// !$*UTF8*$!
{
	archiveVersion = 1;
	classes = {
	};
	objectVersion = 46;
	objects = {

/* Begin PBXBuildFile section */
		9767F6FB1EE5433D00BC0C28 /* AppDelegate.swift in Sources */ = {isa = PBXBuildFile; fileRef = 9767F6F21EE5433D00BC0C28 /* AppDelegate.swift */; };
		9767F7011EE543A700BC0C28 /* Assets.xcassets in Resources */ = {isa = PBXBuildFile; fileRef = 9767F6FD1EE543A700BC0C28 /* Assets.xcassets */; };
		9767F7021EE543A700BC0C28 /* LaunchScreen.storyboard in Resources */ = {isa = PBXBuildFile; fileRef = 9767F6FE1EE543A700BC0C28 /* LaunchScreen.storyboard */; };
		9767F7051EE5441C00BC0C28 /* KGNavigationController.swift in Sources */ = {isa = PBXBuildFile; fileRef = 9767F7041EE5441C00BC0C28 /* KGNavigationController.swift */; };
		9767F7071EE5445100BC0C28 /* KGViewController.swift in Sources */ = {isa = PBXBuildFile; fileRef = 9767F7061EE5445100BC0C28 /* KGViewController.swift */; };
		9767F7091EE5448B00BC0C28 /* MainController.swift in Sources */ = {isa = PBXBuildFile; fileRef = 9767F7081EE5448B00BC0C28 /* MainController.swift */; };
/* End PBXBuildFile section */

/* Begin PBXFileReference section */
		9767F6DC1EE5414A00BC0C28 /* ZZKG.app */ = {isa = PBXFileReference; explicitFileType = wrapper.application; includeInIndex = 0; path = ZZKG.app; sourceTree = BUILT_PRODUCTS_DIR; };
		9767F6F21EE5433D00BC0C28 /* AppDelegate.swift */ = {isa = PBXFileReference; fileEncoding = 4; lastKnownFileType = sourcecode.swift; path = AppDelegate.swift; sourceTree = "<group>"; };
		9767F6FD1EE543A700BC0C28 /* Assets.xcassets */ = {isa = PBXFileReference; lastKnownFileType = folder.assetcatalog; path = Assets.xcassets; sourceTree = "<group>"; };
		9767F6FF1EE543A700BC0C28 /* Base */ = {isa = PBXFileReference; lastKnownFileType = file.storyboard; name = Base; path = Base.lproj/LaunchScreen.storyboard; sourceTree = "<group>"; };
		9767F7001EE543A700BC0C28 /* Info.plist */ = {isa = PBXFileReference; fileEncoding = 4; lastKnownFileType = text.plist.xml; path = Info.plist; sourceTree = "<group>"; };
		9767F7041EE5441C00BC0C28 /* KGNavigationController.swift */ = {isa = PBXFileReference; fileEncoding = 4; lastKnownFileType = sourcecode.swift; path = KGNavigationController.swift; sourceTree = "<group>"; };
		9767F7061EE5445100BC0C28 /* KGViewController.swift */ = {isa = PBXFileReference; fileEncoding = 4; lastKnownFileType = sourcecode.swift; path = KGViewController.swift; sourceTree = "<group>"; };
		9767F7081EE5448B00BC0C28 /* MainController.swift */ = {isa = PBXFileReference; fileEncoding = 4; lastKnownFileType = sourcecode.swift; path = MainController.swift; sourceTree = "<group>"; };
/* End PBXFileReference section */

/* Begin PBXFrameworksBuildPhase section */
		9767F6D91EE5414A00BC0C28 /* Frameworks */ = {
			isa = PBXFrameworksBuildPhase;
			buildActionMask = 2147483647;
			files = (
			);
			runOnlyForDeploymentPostprocessing = 0;
		};
/* End PBXFrameworksBuildPhase section */

/* Begin PBXGroup section */
		9767F6D31EE5414A00BC0C28 = {
			isa = PBXGroup;
			children = (
				9767F6DE1EE5414A00BC0C28 /* ZZKG */,
				9767F6DD1EE5414A00BC0C28 /* Products */,
			);
			sourceTree = "<group>";
		};
		9767F6DD1EE5414A00BC0C28 /* Products */ = {
			isa = PBXGroup;
			children = (
				9767F6DC1EE5414A00BC0C28 /* ZZKG.app */,
			);
			name = Products;
			sourceTree = "<group>";
		};
		9767F6DE1EE5414A00BC0C28 /* ZZKG */ = {
			isa = PBXGroup;
			children = (
				9767F6F11EE5433D00BC0C28 /* Classes */,
				9767F6FC1EE543A700BC0C28 /* Resource */,
			);
			path = ZZKG;
			sourceTree = "<group>";
		};
		9767F6F11EE5433D00BC0C28 /* Classes */ = {
			isa = PBXGroup;
			children = (
				9767F6F21EE5433D00BC0C28 /* AppDelegate.swift */,
				9767F6F31EE5433D00BC0C28 /* Lib */,
				9767F6F41EE5433D00BC0C28 /* Listen */,
				9767F6F51EE5433D00BC0C28 /* Look */,
				9767F6F61EE5433D00BC0C28 /* Main */,
				9767F6F71EE5433D00BC0C28 /* Mine */,
				9767F6F81EE5433D00BC0C28 /* Other */,
				9767F6F91EE5433D00BC0C28 /* Setting */,
				9767F6FA1EE5433D00BC0C28 /* Sing */,
			);
			path = Classes;
			sourceTree = "<group>";
		};
		9767F6F31EE5433D00BC0C28 /* Lib */ = {
			isa = PBXGroup;
			children = (
			);
			path = Lib;
			sourceTree = "<group>";
		};
		9767F6F41EE5433D00BC0C28 /* Listen */ = {
			isa = PBXGroup;
			children = (
			);
			path = Listen;
			sourceTree = "<group>";
		};
		9767F6F51EE5433D00BC0C28 /* Look */ = {
			isa = PBXGroup;
			children = (
			);
			path = Look;
			sourceTree = "<group>";
		};
		9767F6F61EE5433D00BC0C28 /* Main */ = {
			isa = PBXGroup;
			children = (
				9767F7041EE5441C00BC0C28 /* KGNavigationController.swift */,
				9767F7061EE5445100BC0C28 /* KGViewController.swift */,
				9767F7081EE5448B00BC0C28 /* MainController.swift */,
			);
			path = Main;
			sourceTree = "<group>";
		};
		9767F6F71EE5433D00BC0C28 /* Mine */ = {
			isa = PBXGroup;
			children = (
			);
			path = Mine;
			sourceTree = "<group>";
		};
		9767F6F81EE5433D00BC0C28 /* Other */ = {
			isa = PBXGroup;
			children = (
			);
			path = Other;
			sourceTree = "<group>";
		};
		9767F6F91EE5433D00BC0C28 /* Setting */ = {
			isa = PBXGroup;
			children = (
			);
			path = Setting;
			sourceTree = "<group>";
		};
		9767F6FA1EE5433D00BC0C28 /* Sing */ = {
			isa = PBXGroup;
			children = (
			);
			path = Sing;
			sourceTree = "<group>";
		};
		9767F6FC1EE543A700BC0C28 /* Resource */ = {
			isa = PBXGroup;
			children = (
				9767F6FD1EE543A700BC0C28 /* Assets.xcassets */,
				9767F6FE1EE543A700BC0C28 /* LaunchScreen.storyboard */,
				9767F7001EE543A700BC0C28 /* Info.plist */,
			);
			path = Resource;
			sourceTree = "<group>";
		};
/* End PBXGroup section */

/* Begin PBXNativeTarget section */
		9767F6DB1EE5414A00BC0C28 /* ZZKG */ = {
			isa = PBXNativeTarget;
			buildConfigurationList = 9767F6EE1EE5414A00BC0C28 /* Build configuration list for PBXNativeTarget "ZZKG" */;
			buildPhases = (
				9767F6D81EE5414A00BC0C28 /* Sources */,
				9767F6D91EE5414A00BC0C28 /* Frameworks */,
				9767F6DA1EE5414A00BC0C28 /* Resources */,
			);
			buildRules = (
			);
			dependencies = (
			);
			name = ZZKG;
			productName = ZZKG;
			productReference = 9767F6DC1EE5414A00BC0C28 /* ZZKG.app */;
			productType = "com.apple.product-type.application";
		};
/* End PBXNativeTarget section */

/* Begin PBXProject section */
		9767F6D41EE5414A00BC0C28 /* Project object */ = {
			isa = PBXProject;
			attributes = {
				LastSwiftUpdateCheck = 0800;
				LastUpgradeCheck = 0800;
				ORGANIZATIONNAME = lixiangzhou;
				TargetAttributes = {
					9767F6DB1EE5414A00BC0C28 = {
						CreatedOnToolsVersion = 8.0;
						DevelopmentTeam = N33WL6ABHF;
						ProvisioningStyle = Automatic;
					};
				};
			};
			buildConfigurationList = 9767F6D71EE5414A00BC0C28 /* Build configuration list for PBXProject "ZZKG" */;
			compatibilityVersion = "Xcode 3.2";
			developmentRegion = English;
			hasScannedForEncodings = 0;
			knownRegions = (
				en,
				Base,
			);
			mainGroup = 9767F6D31EE5414A00BC0C28;
			productRefGroup = 9767F6DD1EE5414A00BC0C28 /* Products */;
			projectDirPath = "";
			projectRoot = "";
			targets = (
				9767F6DB1EE5414A00BC0C28 /* ZZKG */,
			);
		};
/* End PBXProject section */

/* Begin PBXResourcesBuildPhase section */
		9767F6DA1EE5414A00BC0C28 /* Resources */ = {
			isa = PBXResourcesBuildPhase;
			buildActionMask = 2147483647;
			files = (
				9767F7011EE543A700BC0C28 /* Assets.xcassets in Resources */,
				9767F7021EE543A700BC0C28 /* LaunchScreen.storyboard in Resources */,
			);
			runOnlyForDeploymentPostprocessing = 0;
		};
/* End PBXResourcesBuildPhase section */

/* Begin PBXSourcesBuildPhase section */
		9767F6D81EE5414A00BC0C28 /* Sources */ = {
			isa = PBXSourcesBuildPhase;
			buildActionMask = 2147483647;
			files = (
				9767F7091EE5448B00BC0C28 /* MainController.swift in Sources */,
				9767F6FB1EE5433D00BC0C28 /* AppDelegate.swift in Sources */,
				9767F7051EE5441C00BC0C28 /* KGNavigationController.swift in Sources */,
				9767F7071EE5445100BC0C28 /* KGViewController.swift in Sources */,
			);
			runOnlyForDeploymentPostprocessing = 0;
		};
/* End PBXSourcesBuildPhase section */

/* Begin PBXVariantGroup section */
		9767F6FE1EE543A700BC0C28 /* LaunchScreen.storyboard */ = {
			isa = PBXVariantGroup;
			children = (
				9767F6FF1EE543A700BC0C28 /* Base */,
			);
			name = LaunchScreen.storyboard;
			sourceTree = "<group>";
		};
/* End PBXVariantGroup section */

/* Begin XCBuildConfiguration section */
		9767F6EC1EE5414A00BC0C28 /* Debug */ = {
			isa = XCBuildConfiguration;
			buildSettings = {
				ALWAYS_SEARCH_USER_PATHS = NO;
				CLANG_ANALYZER_NONNULL = YES;
				CLANG_CXX_LANGUAGE_STANDARD = "gnu++0x";
				CLANG_CXX_LIBRARY = "libc++";
				CLANG_ENABLE_MODULES = YES;
				CLANG_ENABLE_OBJC_ARC = YES;
				CLANG_WARN_BOOL_CONVERSION = YES;
				CLANG_WARN_CONSTANT_CONVERSION = YES;
				CLANG_WARN_DIRECT_OBJC_ISA_USAGE = YES_ERROR;
				CLANG_WARN_DOCUMENTATION_COMMENTS = YES;
				CLANG_WARN_EMPTY_BODY = YES;
				CLANG_WARN_ENUM_CONVERSION = YES;
				CLANG_WARN_INFINITE_RECURSION = YES;
				CLANG_WARN_INT_CONVERSION = YES;
				CLANG_WARN_OBJC_ROOT_CLASS = YES_ERROR;
				CLANG_WARN_SUSPICIOUS_MOVES = YES;
				CLANG_WARN_UNREACHABLE_CODE = YES;
				CLANG_WARN__DUPLICATE_METHOD_MATCH = YES;
				"CODE_SIGN_IDENTITY[sdk=iphoneos*]" = "iPhone Developer";
				COPY_PHASE_STRIP = NO;
				DEBUG_INFORMATION_FORMAT = dwarf;
				ENABLE_STRICT_OBJC_MSGSEND = YES;
				ENABLE_TESTABILITY = YES;
				GCC_C_LANGUAGE_STANDARD = gnu99;
				GCC_DYNAMIC_NO_PIC = NO;
				GCC_NO_COMMON_BLOCKS = YES;
				GCC_OPTIMIZATION_LEVEL = 0;
				GCC_PREPROCESSOR_DEFINITIONS = (
					"DEBUG=1",
					"$(inherited)",
				);
				GCC_WARN_64_TO_32_BIT_CONVERSION = YES;
				GCC_WARN_ABOUT_RETURN_TYPE = YES_ERROR;
				GCC_WARN_UNDECLARED_SELECTOR = YES;
				GCC_WARN_UNINITIALIZED_AUTOS = YES_AGGRESSIVE;
				GCC_WARN_UNUSED_FUNCTION = YES;
				GCC_WARN_UNUSED_VARIABLE = YES;
				IPHONEOS_DEPLOYMENT_TARGET = 10.0;
				MTL_ENABLE_DEBUG_INFO = YES;
				ONLY_ACTIVE_ARCH = YES;
				SDKROOT = iphoneos;
				SWIFT_ACTIVE_COMPILATION_CONDITIONS = DEBUG;
				SWIFT_OPTIMIZATION_LEVEL = "-Onone";
				TARGETED_DEVICE_FAMILY = "1,2";
			};
			name = Debug;
		};
		9767F6ED1EE5414A00BC0C28 /* Release */ = {
			isa = XCBuildConfiguration;
			buildSettings = {
				ALWAYS_SEARCH_USER_PATHS = NO;
				CLANG_ANALYZER_NONNULL = YES;
				CLANG_CXX_LANGUAGE_STANDARD = "gnu++0x";
				CLANG_CXX_LIBRARY = "libc++";
				CLANG_ENABLE_MODULES = YES;
				CLANG_ENABLE_OBJC_ARC = YES;
				CLANG_WARN_BOOL_CONVERSION = YES;
				CLANG_WARN_CONSTANT_CONVERSION = YES;
				CLANG_WARN_DIRECT_OBJC_ISA_USAGE = YES_ERROR;
				CLANG_WARN_DOCUMENTATION_COMMENTS = YES;
				CLANG_WARN_EMPTY_BODY = YES;
				CLANG_WARN_ENUM_CONVERSION = YES;
				CLANG_WARN_INFINITE_RECURSION = YES;
				CLANG_WARN_INT_CONVERSION = YES;
				CLANG_WARN_OBJC_ROOT_CLASS = YES_ERROR;
				CLANG_WARN_SUSPICIOUS_MOVES = YES;
				CLANG_WARN_UNREACHABLE_CODE = YES;
				CLANG_WARN__DUPLICATE_METHOD_MATCH = YES;
				"CODE_SIGN_IDENTITY[sdk=iphoneos*]" = "iPhone Developer";
				COPY_PHASE_STRIP = NO;
				DEBUG_INFORMATION_FORMAT = "dwarf-with-dsym";
				ENABLE_NS_ASSERTIONS = NO;
				ENABLE_STRICT_OBJC_MSGSEND = YES;
				GCC_C_LANGUAGE_STANDARD = gnu99;
				GCC_NO_COMMON_BLOCKS = YES;
				GCC_WARN_64_TO_32_BIT_CONVERSION = YES;
				GCC_WARN_ABOUT_RETURN_TYPE = YES_ERROR;
				GCC_WARN_UNDECLARED_SELECTOR = YES;
				GCC_WARN_UNINITIALIZED_AUTOS = YES_AGGRESSIVE;
				GCC_WARN_UNUSED_FUNCTION = YES;
				GCC_WARN_UNUSED_VARIABLE = YES;
				IPHONEOS_DEPLOYMENT_TARGET = 10.0;
				MTL_ENABLE_DEBUG_INFO = NO;
				SDKROOT = iphoneos;
				SWIFT_OPTIMIZATION_LEVEL = "-Owholemodule";
				TARGETED_DEVICE_FAMILY = "1,2";
				VALIDATE_PRODUCT = YES;
			};
			name = Release;
		};
		9767F6EF1EE5414A00BC0C28 /* Debug */ = {
			isa = XCBuildConfiguration;
			buildSettings = {
				ASSETCATALOG_COMPILER_APPICON_NAME = AppIcon;
				DEVELOPMENT_TEAM = N33WL6ABHF;
				INFOPLIST_FILE = ZZKG/Resource/Info.plist;
				LD_RUNPATH_SEARCH_PATHS = "$(inherited) @executable_path/Frameworks";
				PRODUCT_BUNDLE_IDENTIFIER = com.zz.ZZKG;
				PRODUCT_NAME = "$(TARGET_NAME)";
				SWIFT_VERSION = 3.0;
			};
			name = Debug;
		};
		9767F6F01EE5414A00BC0C28 /* Release */ = {
			isa = XCBuildConfiguration;
			buildSettings = {
				ASSETCATALOG_COMPILER_APPICON_NAME = AppIcon;
				DEVELOPMENT_TEAM = N33WL6ABHF;
				INFOPLIST_FILE = ZZKG/Resource/Info.plist;
				LD_RUNPATH_SEARCH_PATHS = "$(inherited) @executable_path/Frameworks";
				PRODUCT_BUNDLE_IDENTIFIER = com.zz.ZZKG;
				PRODUCT_NAME = "$(TARGET_NAME)";
				SWIFT_VERSION = 3.0;
			};
			name = Release;
		};
/* End XCBuildConfiguration section */

/* Begin XCConfigurationList section */
		9767F6D71EE5414A00BC0C28 /* Build configuration list for PBXProject "ZZKG" */ = {
			isa = XCConfigurationList;
			buildConfigurations = (
				9767F6EC1EE5414A00BC0C28 /* Debug */,
				9767F6ED1EE5414A00BC0C28 /* Release */,
			);
			defaultConfigurationIsVisible = 0;
			defaultConfigurationName = Release;
		};
		9767F6EE1EE5414A00BC0C28 /* Build configuration list for PBXNativeTarget "ZZKG" */ = {
			isa = XCConfigurationList;
			buildConfigurations = (
				9767F6EF1EE5414A00BC0C28 /* Debug */,
				9767F6F01EE5414A00BC0C28 /* Release */,
			);
			defaultConfigurationIsVisible = 0;
		};
/* End XCConfigurationList section */
	};
	rootObject = 9767F6D41EE5414A00BC0C28 /* Project object */;
}
